// !$*UTF8*$!
{
	archiveVersion = 1;
	classes = {
	};
	objectVersion = 50;
	objects = {

/* Begin PBXBuildFile section */
		A276C8122491D04E009711AB /* AppDelegate.m in Sources */ = {isa = PBXBuildFile; fileRef = A276C8112491D04E009711AB /* AppDelegate.m */; };
		A276C8152491D04E009711AB /* SceneDelegate.m in Sources */ = {isa = PBXBuildFile; fileRef = A276C8142491D04E009711AB /* SceneDelegate.m */; };
		A276C8182491D04E009711AB /* FirstViewController.m in Sources */ = {isa = PBXBuildFile; fileRef = A276C8172491D04E009711AB /* FirstViewController.m */; };
		A276C81B2491D04E009711AB /* SecondViewController.m in Sources */ = {isa = PBXBuildFile; fileRef = A276C81A2491D04E009711AB /* SecondViewController.m */; };
		A276C81E2491D04E009711AB /* Main.storyboard in Resources */ = {isa = PBXBuildFile; fileRef = A276C81C2491D04E009711AB /* Main.storyboard */; };
		A276C8202491D04F009711AB /* Assets.xcassets in Resources */ = {isa = PBXBuildFile; fileRef = A276C81F2491D04F009711AB /* Assets.xcassets */; };
		A276C8232491D050009711AB /* LaunchScreen.storyboard in Resources */ = {isa = PBXBuildFile; fileRef = A276C8212491D050009711AB /* LaunchScreen.storyboard */; };
		A276C8262491D050009711AB /* main.m in Sources */ = {isa = PBXBuildFile; fileRef = A276C8252491D050009711AB /* main.m */; };
		A276C8422491D843009711AB /* raygun4apple.framework in Frameworks */ = {isa = PBXBuildFile; fileRef = A276C83A2491D7F0009711AB /* raygun4apple.framework */; };
		A276C8432491D843009711AB /* raygun4apple.framework in Embed Frameworks */ = {isa = PBXBuildFile; fileRef = A276C83A2491D7F0009711AB /* raygun4apple.framework */; settings = {ATTRIBUTES = (CodeSignOnCopy, RemoveHeadersOnCopy, ); }; };
/* End PBXBuildFile section */

/* Begin PBXContainerItemProxy section */
		A276C8392491D7F0009711AB /* PBXContainerItemProxy */ = {
			isa = PBXContainerItemProxy;
			containerPortal = A276C82E2491D7EF009711AB /* raygun4apple.xcodeproj */;
			proxyType = 2;
			remoteGlobalIDString = A2660FB820FE914F00C12A69;
			remoteInfo = "raygun4apple-iOS";
		};
		A276C83B2491D7F0009711AB /* PBXContainerItemProxy */ = {
			isa = PBXContainerItemProxy;
			containerPortal = A276C82E2491D7EF009711AB /* raygun4apple.xcodeproj */;
			proxyType = 2;
			remoteGlobalIDString = A2660FD520FE931100C12A69;
			remoteInfo = "raygun4apple-tvOS";
		};
		A276C83D2491D7F0009711AB /* PBXContainerItemProxy */ = {
			isa = PBXContainerItemProxy;
			containerPortal = A276C82E2491D7EF009711AB /* raygun4apple.xcodeproj */;
			proxyType = 2;
			remoteGlobalIDString = DC5EFA28210E812F002C0713;
			remoteInfo = "raygun4apple-macOS";
		};
		A276C83F2491D7F0009711AB /* PBXContainerItemProxy */ = {
			isa = PBXContainerItemProxy;
			containerPortal = A276C82E2491D7EF009711AB /* raygun4apple.xcodeproj */;
			proxyType = 2;
			remoteGlobalIDString = A28910752264358700D66DCB;
			remoteInfo = "CrashGenerator-iOS";
		};
		A276C8452491DFFD009711AB /* PBXContainerItemProxy */ = {
			isa = PBXContainerItemProxy;
			containerPortal = A276C82E2491D7EF009711AB /* raygun4apple.xcodeproj */;
			proxyType = 1;
			remoteGlobalIDString = A2660FB720FE914F00C12A69;
			remoteInfo = "raygun4apple-iOS";
		};
/* End PBXContainerItemProxy section */

/* Begin PBXCopyFilesBuildPhase section */
		A276C8442491D843009711AB /* Embed Frameworks */ = {
			isa = PBXCopyFilesBuildPhase;
			buildActionMask = 2147483647;
			dstPath = "";
			dstSubfolderSpec = 10;
			files = (
				A276C8432491D843009711AB /* raygun4apple.framework in Embed Frameworks */,
			);
			name = "Embed Frameworks";
			runOnlyForDeploymentPostprocessing = 0;
		};
/* End PBXCopyFilesBuildPhase section */

/* Begin PBXFileReference section */
		A276C80D2491D04E009711AB /* iOS-ObjectiveC.app */ = {isa = PBXFileReference; explicitFileType = wrapper.application; includeInIndex = 0; path = "iOS-ObjectiveC.app"; sourceTree = BUILT_PRODUCTS_DIR; };
		A276C8102491D04E009711AB /* AppDelegate.h */ = {isa = PBXFileReference; lastKnownFileType = sourcecode.c.h; path = AppDelegate.h; sourceTree = "<group>"; };
		A276C8112491D04E009711AB /* AppDelegate.m */ = {isa = PBXFileReference; lastKnownFileType = sourcecode.c.objc; path = AppDelegate.m; sourceTree = "<group>"; };
		A276C8132491D04E009711AB /* SceneDelegate.h */ = {isa = PBXFileReference; lastKnownFileType = sourcecode.c.h; path = SceneDelegate.h; sourceTree = "<group>"; };
		A276C8142491D04E009711AB /* SceneDelegate.m */ = {isa = PBXFileReference; lastKnownFileType = sourcecode.c.objc; path = SceneDelegate.m; sourceTree = "<group>"; };
		A276C8162491D04E009711AB /* FirstViewController.h */ = {isa = PBXFileReference; lastKnownFileType = sourcecode.c.h; path = FirstViewController.h; sourceTree = "<group>"; };
		A276C8172491D04E009711AB /* FirstViewController.m */ = {isa = PBXFileReference; lastKnownFileType = sourcecode.c.objc; path = FirstViewController.m; sourceTree = "<group>"; };
		A276C8192491D04E009711AB /* SecondViewController.h */ = {isa = PBXFileReference; lastKnownFileType = sourcecode.c.h; path = SecondViewController.h; sourceTree = "<group>"; };
		A276C81A2491D04E009711AB /* SecondViewController.m */ = {isa = PBXFileReference; lastKnownFileType = sourcecode.c.objc; path = SecondViewController.m; sourceTree = "<group>"; };
		A276C81D2491D04E009711AB /* Base */ = {isa = PBXFileReference; lastKnownFileType = file.storyboard; name = Base; path = Base.lproj/Main.storyboard; sourceTree = "<group>"; };
		A276C81F2491D04F009711AB /* Assets.xcassets */ = {isa = PBXFileReference; lastKnownFileType = folder.assetcatalog; path = Assets.xcassets; sourceTree = "<group>"; };
		A276C8222491D050009711AB /* Base */ = {isa = PBXFileReference; lastKnownFileType = file.storyboard; name = Base; path = Base.lproj/LaunchScreen.storyboard; sourceTree = "<group>"; };
		A276C8242491D050009711AB /* Info.plist */ = {isa = PBXFileReference; lastKnownFileType = text.plist.xml; path = Info.plist; sourceTree = "<group>"; };
		A276C8252491D050009711AB /* main.m */ = {isa = PBXFileReference; lastKnownFileType = sourcecode.c.objc; path = main.m; sourceTree = "<group>"; };
		A276C82E2491D7EF009711AB /* raygun4apple.xcodeproj */ = {isa = PBXFileReference; lastKnownFileType = "wrapper.pb-project"; name = raygun4apple.xcodeproj; path = ../../raygun4apple.xcodeproj; sourceTree = "<group>"; };
/* End PBXFileReference section */

/* Begin PBXFrameworksBuildPhase section */
		A276C80A2491D04E009711AB /* Frameworks */ = {
			isa = PBXFrameworksBuildPhase;
			buildActionMask = 2147483647;
			files = (
				A276C8422491D843009711AB /* raygun4apple.framework in Frameworks */,
			);
			runOnlyForDeploymentPostprocessing = 0;
		};
/* End PBXFrameworksBuildPhase section */

/* Begin PBXGroup section */
		A276C8042491D04E009711AB = {
			isa = PBXGroup;
			children = (
				A276C82E2491D7EF009711AB /* raygun4apple.xcodeproj */,
				A276C80F2491D04E009711AB /* iOS-ObjectiveC */,
				A276C80E2491D04E009711AB /* Products */,
				A276C8412491D843009711AB /* Frameworks */,
			);
			sourceTree = "<group>";
		};
		A276C80E2491D04E009711AB /* Products */ = {
			isa = PBXGroup;
			children = (
				A276C80D2491D04E009711AB /* iOS-ObjectiveC.app */,
			);
			name = Products;
			sourceTree = "<group>";
		};
		A276C80F2491D04E009711AB /* iOS-ObjectiveC */ = {
			isa = PBXGroup;
			children = (
				A276C8102491D04E009711AB /* AppDelegate.h */,
				A276C8112491D04E009711AB /* AppDelegate.m */,
				A276C8132491D04E009711AB /* SceneDelegate.h */,
				A276C8142491D04E009711AB /* SceneDelegate.m */,
				A276C8162491D04E009711AB /* FirstViewController.h */,
				A276C8172491D04E009711AB /* FirstViewController.m */,
				A276C8192491D04E009711AB /* SecondViewController.h */,
				A276C81A2491D04E009711AB /* SecondViewController.m */,
				A276C81C2491D04E009711AB /* Main.storyboard */,
				A276C81F2491D04F009711AB /* Assets.xcassets */,
				A276C8212491D050009711AB /* LaunchScreen.storyboard */,
				A276C8242491D050009711AB /* Info.plist */,
				A276C8252491D050009711AB /* main.m */,
			);
			path = "iOS-ObjectiveC";
			sourceTree = "<group>";
		};
		A276C82F2491D7EF009711AB /* Products */ = {
			isa = PBXGroup;
			children = (
				A276C83A2491D7F0009711AB /* raygun4apple.framework */,
				A276C83C2491D7F0009711AB /* raygun4apple.framework */,
				A276C83E2491D7F0009711AB /* raygun4apple.framework */,
				A276C8402491D7F0009711AB /* CrashGenerator.framework */,
			);
			name = Products;
			sourceTree = "<group>";
		};
		A276C8412491D843009711AB /* Frameworks */ = {
			isa = PBXGroup;
			children = (
			);
			name = Frameworks;
			sourceTree = "<group>";
		};
/* End PBXGroup section */

/* Begin PBXNativeTarget section */
		A276C80C2491D04E009711AB /* iOS-ObjectiveC */ = {
			isa = PBXNativeTarget;
			buildConfigurationList = A276C8292491D050009711AB /* Build configuration list for PBXNativeTarget "iOS-ObjectiveC" */;
			buildPhases = (
				A276C8092491D04E009711AB /* Sources */,
				A276C80A2491D04E009711AB /* Frameworks */,
				A276C80B2491D04E009711AB /* Resources */,
				A276C8442491D843009711AB /* Embed Frameworks */,
			);
			buildRules = (
			);
			dependencies = (
				A276C8462491DFFD009711AB /* PBXTargetDependency */,
			);
			name = "iOS-ObjectiveC";
			productName = "iOS-ObjectiveC";
			productReference = A276C80D2491D04E009711AB /* iOS-ObjectiveC.app */;
			productType = "com.apple.product-type.application";
		};
/* End PBXNativeTarget section */

/* Begin PBXProject section */
		A276C8052491D04E009711AB /* Project object */ = {
			isa = PBXProject;
			attributes = {
				LastUpgradeCheck = 1130;
				ORGANIZATIONNAME = Raygun;
				TargetAttributes = {
					A276C80C2491D04E009711AB = {
						CreatedOnToolsVersion = 11.3.1;
					};
				};
			};
			buildConfigurationList = A276C8082491D04E009711AB /* Build configuration list for PBXProject "iOS-ObjectiveC" */;
			compatibilityVersion = "Xcode 9.3";
			developmentRegion = en;
			hasScannedForEncodings = 0;
			knownRegions = (
				en,
				Base,
			);
			mainGroup = A276C8042491D04E009711AB;
			productRefGroup = A276C80E2491D04E009711AB /* Products */;
			projectDirPath = "";
			projectReferences = (
				{
					ProductGroup = A276C82F2491D7EF009711AB /* Products */;
					ProjectRef = A276C82E2491D7EF009711AB /* raygun4apple.xcodeproj */;
				},
			);
			projectRoot = "";
			targets = (
				A276C80C2491D04E009711AB /* iOS-ObjectiveC */,
			);
		};
/* End PBXProject section */

/* Begin PBXReferenceProxy section */
		A276C83A2491D7F0009711AB /* raygun4apple.framework */ = {
			isa = PBXReferenceProxy;
			fileType = wrapper.framework;
			path = raygun4apple.framework;
			remoteRef = A276C8392491D7F0009711AB /* PBXContainerItemProxy */;
			sourceTree = BUILT_PRODUCTS_DIR;
		};
		A276C83C2491D7F0009711AB /* raygun4apple.framework */ = {
			isa = PBXReferenceProxy;
			fileType = wrapper.framework;
			path = raygun4apple.framework;
			remoteRef = A276C83B2491D7F0009711AB /* PBXContainerItemProxy */;
			sourceTree = BUILT_PRODUCTS_DIR;
		};
		A276C83E2491D7F0009711AB /* raygun4apple.framework */ = {
			isa = PBXReferenceProxy;
			fileType = wrapper.framework;
			path = raygun4apple.framework;
			remoteRef = A276C83D2491D7F0009711AB /* PBXContainerItemProxy */;
			sourceTree = BUILT_PRODUCTS_DIR;
		};
		A276C8402491D7F0009711AB /* CrashGenerator.framework */ = {
			isa = PBXReferenceProxy;
			fileType = wrapper.framework;
			path = CrashGenerator.framework;
			remoteRef = A276C83F2491D7F0009711AB /* PBXContainerItemProxy */;
			sourceTree = BUILT_PRODUCTS_DIR;
		};
/* End PBXReferenceProxy section */

/* Begin PBXResourcesBuildPhase section */
		A276C80B2491D04E009711AB /* Resources */ = {
			isa = PBXResourcesBuildPhase;
			buildActionMask = 2147483647;
			files = (
				A276C8232491D050009711AB /* LaunchScreen.storyboard in Resources */,
				A276C8202491D04F009711AB /* Assets.xcassets in Resources */,
				A276C81E2491D04E009711AB /* Main.storyboard in Resources */,
			);
			runOnlyForDeploymentPostprocessing = 0;
		};
/* End PBXResourcesBuildPhase section */

/* Begin PBXSourcesBuildPhase section */
		A276C8092491D04E009711AB /* Sources */ = {
			isa = PBXSourcesBuildPhase;
			buildActionMask = 2147483647;
			files = (
				A276C8262491D050009711AB /* main.m in Sources */,
				A276C81B2491D04E009711AB /* SecondViewController.m in Sources */,
				A276C8122491D04E009711AB /* AppDelegate.m in Sources */,
				A276C8182491D04E009711AB /* FirstViewController.m in Sources */,
				A276C8152491D04E009711AB /* SceneDelegate.m in Sources */,
			);
			runOnlyForDeploymentPostprocessing = 0;
		};
/* End PBXSourcesBuildPhase section */

/* Begin PBXTargetDependency section */
		A276C8462491DFFD009711AB /* PBXTargetDependency */ = {
			isa = PBXTargetDependency;
			name = "raygun4apple-iOS";
			targetProxy = A276C8452491DFFD009711AB /* PBXContainerItemProxy */;
		};
/* End PBXTargetDependency section */

/* Begin PBXVariantGroup section */
		A276C81C2491D04E009711AB /* Main.storyboard */ = {
			isa = PBXVariantGroup;
			children = (
				A276C81D2491D04E009711AB /* Base */,
			);
			name = Main.storyboard;
			sourceTree = "<group>";
		};
		A276C8212491D050009711AB /* LaunchScreen.storyboard */ = {
			isa = PBXVariantGroup;
			children = (
				A276C8222491D050009711AB /* Base */,
			);
			name = LaunchScreen.storyboard;
			sourceTree = "<group>";
		};
/* End PBXVariantGroup section */

/* Begin XCBuildConfiguration section */
		A276C8272491D050009711AB /* Debug */ = {
			isa = XCBuildConfiguration;
			buildSettings = {
				ALWAYS_SEARCH_USER_PATHS = NO;
				CLANG_ANALYZER_NONNULL = YES;
				CLANG_ANALYZER_NUMBER_OBJECT_CONVERSION = YES_AGGRESSIVE;
				CLANG_CXX_LANGUAGE_STANDARD = "gnu++14";
				CLANG_CXX_LIBRARY = "libc++";
				CLANG_ENABLE_MODULES = YES;
				CLANG_ENABLE_OBJC_ARC = YES;
				CLANG_ENABLE_OBJC_WEAK = YES;
				CLANG_WARN_BLOCK_CAPTURE_AUTORELEASING = YES;
				CLANG_WARN_BOOL_CONVERSION = YES;
				CLANG_WARN_COMMA = YES;
				CLANG_WARN_CONSTANT_CONVERSION = YES;
				CLANG_WARN_DEPRECATED_OBJC_IMPLEMENTATIONS = YES;
				CLANG_WARN_DIRECT_OBJC_ISA_USAGE = YES_ERROR;
				CLANG_WARN_DOCUMENTATION_COMMENTS = YES;
				CLANG_WARN_EMPTY_BODY = YES;
				CLANG_WARN_ENUM_CONVERSION = YES;
				CLANG_WARN_INFINITE_RECURSION = YES;
				CLANG_WARN_INT_CONVERSION = YES;
				CLANG_WARN_NON_LITERAL_NULL_CONVERSION = YES;
				CLANG_WARN_OBJC_IMPLICIT_RETAIN_SELF = YES;
				CLANG_WARN_OBJC_LITERAL_CONVERSION = YES;
				CLANG_WARN_OBJC_ROOT_CLASS = YES_ERROR;
				CLANG_WARN_RANGE_LOOP_ANALYSIS = YES;
				CLANG_WARN_STRICT_PROTOTYPES = YES;
				CLANG_WARN_SUSPICIOUS_MOVE = YES;
				CLANG_WARN_UNGUARDED_AVAILABILITY = YES_AGGRESSIVE;
				CLANG_WARN_UNREACHABLE_CODE = YES;
				CLANG_WARN__DUPLICATE_METHOD_MATCH = YES;
				COPY_PHASE_STRIP = NO;
				DEBUG_INFORMATION_FORMAT = dwarf;
				ENABLE_STRICT_OBJC_MSGSEND = YES;
				ENABLE_TESTABILITY = YES;
				GCC_C_LANGUAGE_STANDARD = gnu11;
				GCC_DYNAMIC_NO_PIC = NO;
				GCC_NO_COMMON_BLOCKS = YES;
				GCC_OPTIMIZATION_LEVEL = 0;
				GCC_PREPROCESSOR_DEFINITIONS = (
					"DEBUG=1",
					"$(inherited)",
				);
				GCC_WARN_64_TO_32_BIT_CONVERSION = YES;
				GCC_WARN_ABOUT_RETURN_TYPE = YES_ERROR;
				GCC_WARN_UNDECLARED_SELECTOR = YES;
				GCC_WARN_UNINITIALIZED_AUTOS = YES_AGGRESSIVE;
				GCC_WARN_UNUSED_FUNCTION = YES;
				GCC_WARN_UNUSED_VARIABLE = YES;
				IPHONEOS_DEPLOYMENT_TARGET = 13.2;
				MTL_ENABLE_DEBUG_INFO = INCLUDE_SOURCE;
				MTL_FAST_MATH = YES;
				ONLY_ACTIVE_ARCH = YES;
				SDKROOT = iphoneos;
			};
			name = Debug;
		};
		A276C8282491D050009711AB /* Release */ = {
			isa = XCBuildConfiguration;
			buildSettings = {
				ALWAYS_SEARCH_USER_PATHS = NO;
				CLANG_ANALYZER_NONNULL = YES;
				CLANG_ANALYZER_NUMBER_OBJECT_CONVERSION = YES_AGGRESSIVE;
				CLANG_CXX_LANGUAGE_STANDARD = "gnu++14";
				CLANG_CXX_LIBRARY = "libc++";
				CLANG_ENABLE_MODULES = YES;
				CLANG_ENABLE_OBJC_ARC = YES;
				CLANG_ENABLE_OBJC_WEAK = YES;
				CLANG_WARN_BLOCK_CAPTURE_AUTORELEASING = YES;
				CLANG_WARN_BOOL_CONVERSION = YES;
				CLANG_WARN_COMMA = YES;
				CLANG_WARN_CONSTANT_CONVERSION = YES;
				CLANG_WARN_DEPRECATED_OBJC_IMPLEMENTATIONS = YES;
				CLANG_WARN_DIRECT_OBJC_ISA_USAGE = YES_ERROR;
				CLANG_WARN_DOCUMENTATION_COMMENTS = YES;
				CLANG_WARN_EMPTY_BODY = YES;
				CLANG_WARN_ENUM_CONVERSION = YES;
				CLANG_WARN_INFINITE_RECURSION = YES;
				CLANG_WARN_INT_CONVERSION = YES;
				CLANG_WARN_NON_LITERAL_NULL_CONVERSION = YES;
				CLANG_WARN_OBJC_IMPLICIT_RETAIN_SELF = YES;
				CLANG_WARN_OBJC_LITERAL_CONVERSION = YES;
				CLANG_WARN_OBJC_ROOT_CLASS = YES_ERROR;
				CLANG_WARN_RANGE_LOOP_ANALYSIS = YES;
				CLANG_WARN_STRICT_PROTOTYPES = YES;
				CLANG_WARN_SUSPICIOUS_MOVE = YES;
				CLANG_WARN_UNGUARDED_AVAILABILITY = YES_AGGRESSIVE;
				CLANG_WARN_UNREACHABLE_CODE = YES;
				CLANG_WARN__DUPLICATE_METHOD_MATCH = YES;
				COPY_PHASE_STRIP = NO;
				DEBUG_INFORMATION_FORMAT = "dwarf-with-dsym";
				ENABLE_NS_ASSERTIONS = NO;
				ENABLE_STRICT_OBJC_MSGSEND = YES;
				GCC_C_LANGUAGE_STANDARD = gnu11;
				GCC_NO_COMMON_BLOCKS = YES;
				GCC_WARN_64_TO_32_BIT_CONVERSION = YES;
				GCC_WARN_ABOUT_RETURN_TYPE = YES_ERROR;
				GCC_WARN_UNDECLARED_SELECTOR = YES;
				GCC_WARN_UNINITIALIZED_AUTOS = YES_AGGRESSIVE;
				GCC_WARN_UNUSED_FUNCTION = YES;
				GCC_WARN_UNUSED_VARIABLE = YES;
				IPHONEOS_DEPLOYMENT_TARGET = 13.2;
				MTL_ENABLE_DEBUG_INFO = NO;
				MTL_FAST_MATH = YES;
				SDKROOT = iphoneos;
				VALIDATE_PRODUCT = YES;
			};
			name = Release;
		};
		A276C82A2491D050009711AB /* Debug */ = {
			isa = XCBuildConfiguration;
			buildSettings = {
				ASSETCATALOG_COMPILER_APPICON_NAME = AppIcon;
				CODE_SIGN_STYLE = Automatic;
				DEVELOPMENT_TEAM = 7AK2557CXR;
				INFOPLIST_FILE = "iOS-ObjectiveC/Info.plist";
				LD_RUNPATH_SEARCH_PATHS = (
					"$(inherited)",
					"@executable_path/Frameworks",
				);
				PRODUCT_BUNDLE_IDENTIFIER = "com.raygun.iOS-ObjectiveC";
				PRODUCT_NAME = "$(TARGET_NAME)";
				TARGETED_DEVICE_FAMILY = "1,2";
			};
			name = Debug;
		};
		A276C82B2491D050009711AB /* Release */ = {
			isa = XCBuildConfiguration;
			buildSettings = {
				ASSETCATALOG_COMPILER_APPICON_NAME = AppIcon;
				CODE_SIGN_STYLE = Automatic;
				DEVELOPMENT_TEAM = 7AK2557CXR;
				INFOPLIST_FILE = "iOS-ObjectiveC/Info.plist";
				LD_RUNPATH_SEARCH_PATHS = (
					"$(inherited)",
					"@executable_path/Frameworks",
				);
				PRODUCT_BUNDLE_IDENTIFIER = "com.raygun.iOS-ObjectiveC";
				PRODUCT_NAME = "$(TARGET_NAME)";
				TARGETED_DEVICE_FAMILY = "1,2";
			};
			name = Release;
		};
/* End XCBuildConfiguration section */

/* Begin XCConfigurationList section */
		A276C8082491D04E009711AB /* Build configuration list for PBXProject "iOS-ObjectiveC" */ = {
			isa = XCConfigurationList;
			buildConfigurations = (
				A276C8272491D050009711AB /* Debug */,
				A276C8282491D050009711AB /* Release */,
			);
			defaultConfigurationIsVisible = 0;
			defaultConfigurationName = Release;
		};
		A276C8292491D050009711AB /* Build configuration list for PBXNativeTarget "iOS-ObjectiveC" */ = {
			isa = XCConfigurationList;
			buildConfigurations = (
				A276C82A2491D050009711AB /* Debug */,
				A276C82B2491D050009711AB /* Release */,
			);
			defaultConfigurationIsVisible = 0;
			defaultConfigurationName = Release;
		};
/* End XCConfigurationList section */
	};
	rootObject = A276C8052491D04E009711AB /* Project object */;
}
