// !$*UTF8*$!
{
	archiveVersion = 1;
	classes = {
	};
	objectVersion = 50;
	objects = {

/* Begin PBXBuildFile section */
		A276C8562491E7C4009711AB /* AppDelegate.m in Sources */ = {isa = PBXBuildFile; fileRef = A276C8552491E7C4009711AB /* AppDelegate.m */; };
		A276C8592491E7C4009711AB /* SceneDelegate.m in Sources */ = {isa = PBXBuildFile; fileRef = A276C8582491E7C4009711AB /* SceneDelegate.m */; };
		A276C85C2491E7C4009711AB /* FirstViewController.m in Sources */ = {isa = PBXBuildFile; fileRef = A276C85B2491E7C4009711AB /* FirstViewController.m */; };
		A276C85F2491E7C4009711AB /* SecondViewController.m in Sources */ = {isa = PBXBuildFile; fileRef = A276C85E2491E7C4009711AB /* SecondViewController.m */; };
		A276C8622491E7C4009711AB /* Main.storyboard in Resources */ = {isa = PBXBuildFile; fileRef = A276C8602491E7C4009711AB /* Main.storyboard */; };
		A276C8642491E7C5009711AB /* Assets.xcassets in Resources */ = {isa = PBXBuildFile; fileRef = A276C8632491E7C5009711AB /* Assets.xcassets */; };
		A276C8672491E7C5009711AB /* LaunchScreen.storyboard in Resources */ = {isa = PBXBuildFile; fileRef = A276C8652491E7C5009711AB /* LaunchScreen.storyboard */; };
		A276C86A2491E7C5009711AB /* main.m in Sources */ = {isa = PBXBuildFile; fileRef = A276C8692491E7C5009711AB /* main.m */; };
/* End PBXBuildFile section */

/* Begin PBXFileReference section */
		A276C8512491E7C4009711AB /* iOS-ObjectiveC-CocoaPods.app */ = {isa = PBXFileReference; explicitFileType = wrapper.application; includeInIndex = 0; path = "iOS-ObjectiveC-CocoaPods.app"; sourceTree = BUILT_PRODUCTS_DIR; };
		A276C8542491E7C4009711AB /* AppDelegate.h */ = {isa = PBXFileReference; lastKnownFileType = sourcecode.c.h; path = AppDelegate.h; sourceTree = "<group>"; };
		A276C8552491E7C4009711AB /* AppDelegate.m */ = {isa = PBXFileReference; lastKnownFileType = sourcecode.c.objc; path = AppDelegate.m; sourceTree = "<group>"; };
		A276C8572491E7C4009711AB /* SceneDelegate.h */ = {isa = PBXFileReference; lastKnownFileType = sourcecode.c.h; path = SceneDelegate.h; sourceTree = "<group>"; };
		A276C8582491E7C4009711AB /* SceneDelegate.m */ = {isa = PBXFileReference; lastKnownFileType = sourcecode.c.objc; path = SceneDelegate.m; sourceTree = "<group>"; };
		A276C85A2491E7C4009711AB /* FirstViewController.h */ = {isa = PBXFileReference; lastKnownFileType = sourcecode.c.h; path = FirstViewController.h; sourceTree = "<group>"; };
		A276C85B2491E7C4009711AB /* FirstViewController.m */ = {isa = PBXFileReference; lastKnownFileType = sourcecode.c.objc; path = FirstViewController.m; sourceTree = "<group>"; };
		A276C85D2491E7C4009711AB /* SecondViewController.h */ = {isa = PBXFileReference; lastKnownFileType = sourcecode.c.h; path = SecondViewController.h; sourceTree = "<group>"; };
		A276C85E2491E7C4009711AB /* SecondViewController.m */ = {isa = PBXFileReference; lastKnownFileType = sourcecode.c.objc; path = SecondViewController.m; sourceTree = "<group>"; };
		A276C8612491E7C4009711AB /* Base */ = {isa = PBXFileReference; lastKnownFileType = file.storyboard; name = Base; path = Base.lproj/Main.storyboard; sourceTree = "<group>"; };
		A276C8632491E7C5009711AB /* Assets.xcassets */ = {isa = PBXFileReference; lastKnownFileType = folder.assetcatalog; path = Assets.xcassets; sourceTree = "<group>"; };
		A276C8662491E7C5009711AB /* Base */ = {isa = PBXFileReference; lastKnownFileType = file.storyboard; name = Base; path = Base.lproj/LaunchScreen.storyboard; sourceTree = "<group>"; };
		A276C8682491E7C5009711AB /* Info.plist */ = {isa = PBXFileReference; lastKnownFileType = text.plist.xml; path = Info.plist; sourceTree = "<group>"; };
		A276C8692491E7C5009711AB /* main.m */ = {isa = PBXFileReference; lastKnownFileType = sourcecode.c.objc; path = main.m; sourceTree = "<group>"; };
/* End PBXFileReference section */

/* Begin PBXFrameworksBuildPhase section */
		A276C84E2491E7C4009711AB /* Frameworks */ = {
			isa = PBXFrameworksBuildPhase;
			buildActionMask = 2147483647;
			files = (
			);
			runOnlyForDeploymentPostprocessing = 0;
		};
/* End PBXFrameworksBuildPhase section */

/* Begin PBXGroup section */
		A276C8482491E7C4009711AB = {
			isa = PBXGroup;
			children = (
				A276C8532491E7C4009711AB /* iOS-ObjectiveC-CocoaPods */,
				A276C8522491E7C4009711AB /* Products */,
			);
			sourceTree = "<group>";
		};
		A276C8522491E7C4009711AB /* Products */ = {
			isa = PBXGroup;
			children = (
				A276C8512491E7C4009711AB /* iOS-ObjectiveC-CocoaPods.app */,
			);
			name = Products;
			sourceTree = "<group>";
		};
		A276C8532491E7C4009711AB /* iOS-ObjectiveC-CocoaPods */ = {
			isa = PBXGroup;
			children = (
				A276C8542491E7C4009711AB /* AppDelegate.h */,
				A276C8552491E7C4009711AB /* AppDelegate.m */,
				A276C8572491E7C4009711AB /* SceneDelegate.h */,
				A276C8582491E7C4009711AB /* SceneDelegate.m */,
				A276C85A2491E7C4009711AB /* FirstViewController.h */,
				A276C85B2491E7C4009711AB /* FirstViewController.m */,
				A276C85D2491E7C4009711AB /* SecondViewController.h */,
				A276C85E2491E7C4009711AB /* SecondViewController.m */,
				A276C8602491E7C4009711AB /* Main.storyboard */,
				A276C8632491E7C5009711AB /* Assets.xcassets */,
				A276C8652491E7C5009711AB /* LaunchScreen.storyboard */,
				A276C8682491E7C5009711AB /* Info.plist */,
				A276C8692491E7C5009711AB /* main.m */,
			);
			path = "iOS-ObjectiveC-CocoaPods";
			sourceTree = "<group>";
		};
/* End PBXGroup section */

/* Begin PBXNativeTarget section */
		A276C8502491E7C4009711AB /* iOS-ObjectiveC-CocoaPods */ = {
			isa = PBXNativeTarget;
			buildConfigurationList = A276C86D2491E7C5009711AB /* Build configuration list for PBXNativeTarget "iOS-ObjectiveC-CocoaPods" */;
			buildPhases = (
				A276C84D2491E7C4009711AB /* Sources */,
				A276C84E2491E7C4009711AB /* Frameworks */,
				A276C84F2491E7C4009711AB /* Resources */,
			);
			buildRules = (
			);
			dependencies = (
			);
			name = "iOS-ObjectiveC-CocoaPods";
			productName = "iOS-ObjectiveC-CocoaPods";
			productReference = A276C8512491E7C4009711AB /* iOS-ObjectiveC-CocoaPods.app */;
			productType = "com.apple.product-type.application";
		};
/* End PBXNativeTarget section */

/* Begin PBXProject section */
		A276C8492491E7C4009711AB /* Project object */ = {
			isa = PBXProject;
			attributes = {
				LastUpgradeCheck = 1130;
				ORGANIZATIONNAME = Raygun;
				TargetAttributes = {
					A276C8502491E7C4009711AB = {
						CreatedOnToolsVersion = 11.3.1;
					};
				};
			};
			buildConfigurationList = A276C84C2491E7C4009711AB /* Build configuration list for PBXProject "iOS-ObjectiveC-CocoaPods" */;
			compatibilityVersion = "Xcode 9.3";
			developmentRegion = en;
			hasScannedForEncodings = 0;
			knownRegions = (
				en,
				Base,
			);
			mainGroup = A276C8482491E7C4009711AB;
			productRefGroup = A276C8522491E7C4009711AB /* Products */;
			projectDirPath = "";
			projectRoot = "";
			targets = (
				A276C8502491E7C4009711AB /* iOS-ObjectiveC-CocoaPods */,
			);
		};
/* End PBXProject section */

/* Begin PBXResourcesBuildPhase section */
		A276C84F2491E7C4009711AB /* Resources */ = {
			isa = PBXResourcesBuildPhase;
			buildActionMask = 2147483647;
			files = (
				A276C8672491E7C5009711AB /* LaunchScreen.storyboard in Resources */,
				A276C8642491E7C5009711AB /* Assets.xcassets in Resources */,
				A276C8622491E7C4009711AB /* Main.storyboard in Resources */,
			);
			runOnlyForDeploymentPostprocessing = 0;
		};
/* End PBXResourcesBuildPhase section */

/* Begin PBXSourcesBuildPhase section */
		A276C84D2491E7C4009711AB /* Sources */ = {
			isa = PBXSourcesBuildPhase;
			buildActionMask = 2147483647;
			files = (
				A276C86A2491E7C5009711AB /* main.m in Sources */,
				A276C85F2491E7C4009711AB /* SecondViewController.m in Sources */,
				A276C8562491E7C4009711AB /* AppDelegate.m in Sources */,
				A276C85C2491E7C4009711AB /* FirstViewController.m in Sources */,
				A276C8592491E7C4009711AB /* SceneDelegate.m in Sources */,
			);
			runOnlyForDeploymentPostprocessing = 0;
		};
/* End PBXSourcesBuildPhase section */

/* Begin PBXVariantGroup section */
		A276C8602491E7C4009711AB /* Main.storyboard */ = {
			isa = PBXVariantGroup;
			children = (
				A276C8612491E7C4009711AB /* Base */,
			);
			name = Main.storyboard;
			sourceTree = "<group>";
		};
		A276C8652491E7C5009711AB /* LaunchScreen.storyboard */ = {
			isa = PBXVariantGroup;
			children = (
				A276C8662491E7C5009711AB /* Base */,
			);
			name = LaunchScreen.storyboard;
			sourceTree = "<group>";
		};
/* End PBXVariantGroup section */

/* Begin XCBuildConfiguration section */
		A276C86B2491E7C5009711AB /* Debug */ = {
			isa = XCBuildConfiguration;
			buildSettings = {
				ALWAYS_SEARCH_USER_PATHS = NO;
				CLANG_ANALYZER_NONNULL = YES;
				CLANG_ANALYZER_NUMBER_OBJECT_CONVERSION = YES_AGGRESSIVE;
				CLANG_CXX_LANGUAGE_STANDARD = "gnu++14";
				CLANG_CXX_LIBRARY = "libc++";
				CLANG_ENABLE_MODULES = YES;
				CLANG_ENABLE_OBJC_ARC = YES;
				CLANG_ENABLE_OBJC_WEAK = YES;
				CLANG_WARN_BLOCK_CAPTURE_AUTORELEASING = YES;
				CLANG_WARN_BOOL_CONVERSION = YES;
				CLANG_WARN_COMMA = YES;
				CLANG_WARN_CONSTANT_CONVERSION = YES;
				CLANG_WARN_DEPRECATED_OBJC_IMPLEMENTATIONS = YES;
				CLANG_WARN_DIRECT_OBJC_ISA_USAGE = YES_ERROR;
				CLANG_WARN_DOCUMENTATION_COMMENTS = YES;
				CLANG_WARN_EMPTY_BODY = YES;
				CLANG_WARN_ENUM_CONVERSION = YES;
				CLANG_WARN_INFINITE_RECURSION = YES;
				CLANG_WARN_INT_CONVERSION = YES;
				CLANG_WARN_NON_LITERAL_NULL_CONVERSION = YES;
				CLANG_WARN_OBJC_IMPLICIT_RETAIN_SELF = YES;
				CLANG_WARN_OBJC_LITERAL_CONVERSION = YES;
				CLANG_WARN_OBJC_ROOT_CLASS = YES_ERROR;
				CLANG_WARN_RANGE_LOOP_ANALYSIS = YES;
				CLANG_WARN_STRICT_PROTOTYPES = YES;
				CLANG_WARN_SUSPICIOUS_MOVE = YES;
				CLANG_WARN_UNGUARDED_AVAILABILITY = YES_AGGRESSIVE;
				CLANG_WARN_UNREACHABLE_CODE = YES;
				CLANG_WARN__DUPLICATE_METHOD_MATCH = YES;
				COPY_PHASE_STRIP = NO;
				DEBUG_INFORMATION_FORMAT = dwarf;
				ENABLE_STRICT_OBJC_MSGSEND = YES;
				ENABLE_TESTABILITY = YES;
				GCC_C_LANGUAGE_STANDARD = gnu11;
				GCC_DYNAMIC_NO_PIC = NO;
				GCC_NO_COMMON_BLOCKS = YES;
				GCC_OPTIMIZATION_LEVEL = 0;
				GCC_PREPROCESSOR_DEFINITIONS = (
					"DEBUG=1",
					"$(inherited)",
				);
				GCC_WARN_64_TO_32_BIT_CONVERSION = YES;
				GCC_WARN_ABOUT_RETURN_TYPE = YES_ERROR;
				GCC_WARN_UNDECLARED_SELECTOR = YES;
				GCC_WARN_UNINITIALIZED_AUTOS = YES_AGGRESSIVE;
				GCC_WARN_UNUSED_FUNCTION = YES;
				GCC_WARN_UNUSED_VARIABLE = YES;
				IPHONEOS_DEPLOYMENT_TARGET = 13.2;
				MTL_ENABLE_DEBUG_INFO = INCLUDE_SOURCE;
				MTL_FAST_MATH = YES;
				ONLY_ACTIVE_ARCH = YES;
				SDKROOT = iphoneos;
			};
			name = Debug;
		};
		A276C86C2491E7C5009711AB /* Release */ = {
			isa = XCBuildConfiguration;
			buildSettings = {
				ALWAYS_SEARCH_USER_PATHS = NO;
				CLANG_ANALYZER_NONNULL = YES;
				CLANG_ANALYZER_NUMBER_OBJECT_CONVERSION = YES_AGGRESSIVE;
				CLANG_CXX_LANGUAGE_STANDARD = "gnu++14";
				CLANG_CXX_LIBRARY = "libc++";
				CLANG_ENABLE_MODULES = YES;
				CLANG_ENABLE_OBJC_ARC = YES;
				CLANG_ENABLE_OBJC_WEAK = YES;
				CLANG_WARN_BLOCK_CAPTURE_AUTORELEASING = YES;
				CLANG_WARN_BOOL_CONVERSION = YES;
				CLANG_WARN_COMMA = YES;
				CLANG_WARN_CONSTANT_CONVERSION = YES;
				CLANG_WARN_DEPRECATED_OBJC_IMPLEMENTATIONS = YES;
				CLANG_WARN_DIRECT_OBJC_ISA_USAGE = YES_ERROR;
				CLANG_WARN_DOCUMENTATION_COMMENTS = YES;
				CLANG_WARN_EMPTY_BODY = YES;
				CLANG_WARN_ENUM_CONVERSION = YES;
				CLANG_WARN_INFINITE_RECURSION = YES;
				CLANG_WARN_INT_CONVERSION = YES;
				CLANG_WARN_NON_LITERAL_NULL_CONVERSION = YES;
				CLANG_WARN_OBJC_IMPLICIT_RETAIN_SELF = YES;
				CLANG_WARN_OBJC_LITERAL_CONVERSION = YES;
				CLANG_WARN_OBJC_ROOT_CLASS = YES_ERROR;
				CLANG_WARN_RANGE_LOOP_ANALYSIS = YES;
				CLANG_WARN_STRICT_PROTOTYPES = YES;
				CLANG_WARN_SUSPICIOUS_MOVE = YES;
				CLANG_WARN_UNGUARDED_AVAILABILITY = YES_AGGRESSIVE;
				CLANG_WARN_UNREACHABLE_CODE = YES;
				CLANG_WARN__DUPLICATE_METHOD_MATCH = YES;
				COPY_PHASE_STRIP = NO;
				DEBUG_INFORMATION_FORMAT = "dwarf-with-dsym";
				ENABLE_NS_ASSERTIONS = NO;
				ENABLE_STRICT_OBJC_MSGSEND = YES;
				GCC_C_LANGUAGE_STANDARD = gnu11;
				GCC_NO_COMMON_BLOCKS = YES;
				GCC_WARN_64_TO_32_BIT_CONVERSION = YES;
				GCC_WARN_ABOUT_RETURN_TYPE = YES_ERROR;
				GCC_WARN_UNDECLARED_SELECTOR = YES;
				GCC_WARN_UNINITIALIZED_AUTOS = YES_AGGRESSIVE;
				GCC_WARN_UNUSED_FUNCTION = YES;
				GCC_WARN_UNUSED_VARIABLE = YES;
				IPHONEOS_DEPLOYMENT_TARGET = 13.2;
				MTL_ENABLE_DEBUG_INFO = NO;
				MTL_FAST_MATH = YES;
				SDKROOT = iphoneos;
				VALIDATE_PRODUCT = YES;
			};
			name = Release;
		};
		A276C86E2491E7C5009711AB /* Debug */ = {
			isa = XCBuildConfiguration;
			buildSettings = {
				ASSETCATALOG_COMPILER_APPICON_NAME = AppIcon;
				CODE_SIGN_STYLE = Automatic;
				DEVELOPMENT_TEAM = 7AK2557CXR;
				INFOPLIST_FILE = "iOS-ObjectiveC-CocoaPods/Info.plist";
				LD_RUNPATH_SEARCH_PATHS = (
					"$(inherited)",
					"@executable_path/Frameworks",
				);
				PRODUCT_BUNDLE_IDENTIFIER = "com.raygun.iOS-ObjectiveC-CocoaPods";
				PRODUCT_NAME = "$(TARGET_NAME)";
				TARGETED_DEVICE_FAMILY = "1,2";
			};
			name = Debug;
		};
		A276C86F2491E7C5009711AB /* Release */ = {
			isa = XCBuildConfiguration;
			buildSettings = {
				ASSETCATALOG_COMPILER_APPICON_NAME = AppIcon;
				CODE_SIGN_STYLE = Automatic;
				DEVELOPMENT_TEAM = 7AK2557CXR;
				INFOPLIST_FILE = "iOS-ObjectiveC-CocoaPods/Info.plist";
				LD_RUNPATH_SEARCH_PATHS = (
					"$(inherited)",
					"@executable_path/Frameworks",
				);
				PRODUCT_BUNDLE_IDENTIFIER = "com.raygun.iOS-ObjectiveC-CocoaPods";
				PRODUCT_NAME = "$(TARGET_NAME)";
				TARGETED_DEVICE_FAMILY = "1,2";
			};
			name = Release;
		};
/* End XCBuildConfiguration section */

/* Begin XCConfigurationList section */
		A276C84C2491E7C4009711AB /* Build configuration list for PBXProject "iOS-ObjectiveC-CocoaPods" */ = {
			isa = XCConfigurationList;
			buildConfigurations = (
				A276C86B2491E7C5009711AB /* Debug */,
				A276C86C2491E7C5009711AB /* Release */,
			);
			defaultConfigurationIsVisible = 0;
			defaultConfigurationName = Release;
		};
		A276C86D2491E7C5009711AB /* Build configuration list for PBXNativeTarget "iOS-ObjectiveC-CocoaPods" */ = {
			isa = XCConfigurationList;
			buildConfigurations = (
				A276C86E2491E7C5009711AB /* Debug */,
				A276C86F2491E7C5009711AB /* Release */,
			);
			defaultConfigurationIsVisible = 0;
			defaultConfigurationName = Release;
		};
/* End XCConfigurationList section */
	};
	rootObject = A276C8492491E7C4009711AB /* Project object */;
}
